
Microsoft Visual Studio Solution File, Format Version 12.00
# Visual Studio Version 17
VisualStudioVersion = 17.9.34902.65
MinimumVisualStudioVersion = 10.0.40219.1
Project("{FAE04EC0-301F-11D3-BF4B-00C04F79EFBC}") = "HW_W5_01", "HW_W5_01.csproj", "{1BAF002E-9B69-4862-8F44-345E10DEFF9A}"
EndProject
Global
	GlobalSection(SolutionConfigurationPlatforms) = preSolution
		Debug|Any CPU = Debug|Any CPU
		Release|Any CPU = Release|Any CPU
	EndGlobalSection
	GlobalSection(ProjectConfigurationPlatforms) = postSolution
		{1BAF002E-9B69-4862-8F44-345E10DEFF9A}.Debug|Any CPU.ActiveCfg = Debug|Any CPU
		{1BAF002E-9B69-4862-8F44-345E10DEFF9A}.Debug|Any CPU.Build.0 = Debug|Any CPU
		{1BAF002E-9B69-4862-8F44-345E10DEFF9A}.Release|Any CPU.ActiveCfg = Release|Any CPU
		{1BAF002E-9B69-4862-8F44-345E10DEFF9A}.Release|Any CPU.Build.0 = Release|Any CPU
	EndGlobalSection
	GlobalSection(SolutionProperties) = preSolution
		HideSolutionNode = FALSE
	EndGlobalSection
	GlobalSection(ExtensibilityGlobals) = postSolution
		SolutionGuid = {20502C34-4686-4076-A4DF-8C836F72BB14}
	EndGlobalSection
EndGlobal
